
Microsoft Visual Studio Solution File, Format Version 12.00
# Visual Studio 15
VisualStudioVersion = 15.0.28307.1758
MinimumVisualStudioVersion = 10.0.40219.1
Project("{FAE04EC0-301F-11D3-BF4B-00C04F79EFBC}") = "ConsoleMenu", "ConsoleMenu\ConsoleMenu.csproj", "{8ED26D76-5062-4974-BA53-025124169559}"
EndProject
Global
	GlobalSection(SolutionConfigurationPlatforms) = preSolution
		Debug|Any CPU = Debug|Any CPU
		Release|Any CPU = Release|Any CPU
	EndGlobalSection
	GlobalSection(ProjectConfigurationPlatforms) = postSolution
		{8ED26D76-5062-4974-BA53-025124169559}.Debug|Any CPU.ActiveCfg = Debug|Any CPU
		{8ED26D76-5062-4974-BA53-025124169559}.Debug|Any CPU.Build.0 = Debug|Any CPU
		{8ED26D76-5062-4974-BA53-025124169559}.Release|Any CPU.ActiveCfg = Release|Any CPU
		{8ED26D76-5062-4974-BA53-025124169559}.Release|Any CPU.Build.0 = Release|Any CPU
	EndGlobalSection
	GlobalSection(SolutionProperties) = preSolution
		HideSolutionNode = FALSE
	EndGlobalSection
	GlobalSection(ExtensibilityGlobals) = postSolution
		SolutionGuid = {19FABC85-347A-44A5-9493-9CC37DAF806B}
	EndGlobalSection
EndGlobal
